---
name: expression
attributes:
- name: type
  value: Block
nodes:
- name: expressions
  nodes:
  - name: expression
    attributes:
    - name: ref
      value: expression
- name: arguments
  attributes:
  - name: ref
    value: parameter
- name: expressions
  nodes:
  - name: expression
    attributes:
    - name: ref
      value: expression